
Microsoft Visual Studio Solution File, Format Version 12.00
# Visual Studio Version 17
VisualStudioVersion = 17.12.35707.178
MinimumVisualStudioVersion = 10.0.40219.1
Project("{9A19103F-16F7-4668-BE54-9A1E7A4F7556}") = "ProductWebAPI2025", "ProductWebAPI2025\ProductWebAPI2025.csproj", "{7559EB0D-D760-4A2E-8F5C-1B558ED07628}"
EndProject
Project("{9A19103F-16F7-4668-BE54-9A1E7A4F7556}") = "ProductModel", "ProductModel\ProductModel.csproj", "{CF9530F4-AFDC-4C0E-9CD3-32DF1FF796DC}"
EndProject
Project("{9A19103F-16F7-4668-BE54-9A1E7A4F7556}") = "ProductConsoleApp", "ProductConsoleApp\ProductConsoleApp.csproj", "{C8D8D063-AAD0-4131-930A-104FD2180D94}"
EndProject
Project("{FAE04EC0-301F-11D3-BF4B-00C04F79EFBC}") = "RAD302Week3Lab12025CL.S00243021", "RAD302Week3Lab12025CL.S00243021\RAD302Week3Lab12025CL.S00243021.csproj", "{6392697B-5C95-42B9-AED7-58FF405F9806}"
EndProject
Project("{FAE04EC0-301F-11D3-BF4B-00C04F79EFBC}") = "RAD302Week3Lab12025console.S00243021", "RAD302Week3Lab12025console.S00243021\RAD302Week3Lab12025console.S00243021.csproj", "{1CCD411E-0CE0-4459-A604-154A177D541F}"
EndProject
Project("{FAE04EC0-301F-11D3-BF4B-00C04F79EFBC}") = "RAD302Week3Lab12025WebAPI.S00243021", "RAD302Week3Lab12025WebAPI.S00243021\RAD302Week3Lab12025WebAPI.S00243021.csproj", "{562E7C50-AE36-4C2D-A566-3123F8C243DF}"
EndProject
Global
	GlobalSection(SolutionConfigurationPlatforms) = preSolution
		Debug|Any CPU = Debug|Any CPU
		Release|Any CPU = Release|Any CPU
	EndGlobalSection
	GlobalSection(ProjectConfigurationPlatforms) = postSolution
		{7559EB0D-D760-4A2E-8F5C-1B558ED07628}.Debug|Any CPU.ActiveCfg = Debug|Any CPU
		{7559EB0D-D760-4A2E-8F5C-1B558ED07628}.Debug|Any CPU.Build.0 = Debug|Any CPU
		{7559EB0D-D760-4A2E-8F5C-1B558ED07628}.Release|Any CPU.ActiveCfg = Release|Any CPU
		{7559EB0D-D760-4A2E-8F5C-1B558ED07628}.Release|Any CPU.Build.0 = Release|Any CPU
		{CF9530F4-AFDC-4C0E-9CD3-32DF1FF796DC}.Debug|Any CPU.ActiveCfg = Debug|Any CPU
		{CF9530F4-AFDC-4C0E-9CD3-32DF1FF796DC}.Debug|Any CPU.Build.0 = Debug|Any CPU
		{CF9530F4-AFDC-4C0E-9CD3-32DF1FF796DC}.Release|Any CPU.ActiveCfg = Release|Any CPU
		{CF9530F4-AFDC-4C0E-9CD3-32DF1FF796DC}.Release|Any CPU.Build.0 = Release|Any CPU
		{C8D8D063-AAD0-4131-930A-104FD2180D94}.Debug|Any CPU.ActiveCfg = Debug|Any CPU
		{C8D8D063-AAD0-4131-930A-104FD2180D94}.Debug|Any CPU.Build.0 = Debug|Any CPU
		{C8D8D063-AAD0-4131-930A-104FD2180D94}.Release|Any CPU.ActiveCfg = Release|Any CPU
		{C8D8D063-AAD0-4131-930A-104FD2180D94}.Release|Any CPU.Build.0 = Release|Any CPU
		{6392697B-5C95-42B9-AED7-58FF405F9806}.Debug|Any CPU.ActiveCfg = Debug|Any CPU
		{6392697B-5C95-42B9-AED7-58FF405F9806}.Debug|Any CPU.Build.0 = Debug|Any CPU
		{6392697B-5C95-42B9-AED7-58FF405F9806}.Release|Any CPU.ActiveCfg = Release|Any CPU
		{6392697B-5C95-42B9-AED7-58FF405F9806}.Release|Any CPU.Build.0 = Release|Any CPU
		{1CCD411E-0CE0-4459-A604-154A177D541F}.Debug|Any CPU.ActiveCfg = Debug|Any CPU
		{1CCD411E-0CE0-4459-A604-154A177D541F}.Debug|Any CPU.Build.0 = Debug|Any CPU
		{1CCD411E-0CE0-4459-A604-154A177D541F}.Release|Any CPU.ActiveCfg = Release|Any CPU
		{1CCD411E-0CE0-4459-A604-154A177D541F}.Release|Any CPU.Build.0 = Release|Any CPU
		{562E7C50-AE36-4C2D-A566-3123F8C243DF}.Debug|Any CPU.ActiveCfg = Debug|Any CPU
		{562E7C50-AE36-4C2D-A566-3123F8C243DF}.Debug|Any CPU.Build.0 = Debug|Any CPU
		{562E7C50-AE36-4C2D-A566-3123F8C243DF}.Release|Any CPU.ActiveCfg = Release|Any CPU
		{562E7C50-AE36-4C2D-A566-3123F8C243DF}.Release|Any CPU.Build.0 = Release|Any CPU
	EndGlobalSection
	GlobalSection(SolutionProperties) = preSolution
		HideSolutionNode = FALSE
	EndGlobalSection
	GlobalSection(ExtensibilityGlobals) = postSolution
		SolutionGuid = {C8593EB2-61C4-4E05-816B-1D102F219B02}
	EndGlobalSection
EndGlobal
